# THIS IS AN AUTOGENERATED FILE. DO NOT EDIT THIS FILE DIRECTLY.
# yarn lockfile v1


adler-32@~1.2.0:
  version "1.2.0"
  resolved "https://registry.yarnpkg.com/adler-32/-/adler-32-1.2.0.tgz#6a3e6bf0a63900ba15652808cb15c6813d1a5f25"
  dependencies:
    exit-on-epipe "~1.0.1"
    printj "~1.1.0"

async@^2.6.0:
  version "2.6.0"
  resolved "https://registry.yarnpkg.com/async/-/async-2.6.0.tgz#61a29abb6fcc026fea77e56d1c6ec53a795951f4"
  dependencies:
    lodash "^4.14.0"

cfb@~1.0.6:
  version "1.0.6"
  resolved "https://registry.yarnpkg.com/cfb/-/cfb-1.0.6.tgz#d0107fa579a8d79c53a31074a755abcb898017f0"
  dependencies:
    commander "^2.14.1"
    printj "~1.1.2"

codepage@~1.12.1:
  version "1.12.2"
  resolved "https://registry.yarnpkg.com/codepage/-/codepage-1.12.2.tgz#fd4424448c8bf1db5d7e01f9ecf9e8346582a195"
  dependencies:
    commander "~2.14.1"
    exit-on-epipe "~1.0.1"

color-convert@^0.5.0:
  version "0.5.3"
  resolved "https://registry.yarnpkg.com/color-convert/-/color-convert-0.5.3.tgz#bdb6c69ce660fadffe0b0007cc447e1b9f7282bd"

color-name@^1.0.0:
  version "1.1.3"
  resolved "https://registry.yarnpkg.com/color-name/-/color-name-1.1.3.tgz#a7d0558bd89c42f795dd42328f740831ca53bc25"

color-string@^0.3.0:
  version "0.3.0"
  resolved "https://registry.yarnpkg.com/color-string/-/color-string-0.3.0.tgz#27d46fb67025c5c2fa25993bfbf579e47841b991"
  dependencies:
    color-name "^1.0.0"

color@0.8.x:
  version "0.8.0"
  resolved "https://registry.yarnpkg.com/color/-/color-0.8.0.tgz#890c07c3fd4e649537638911cf691e5458b6fca5"
  dependencies:
    color-convert "^0.5.0"
    color-string "^0.3.0"

colornames@0.0.2:
  version "0.0.2"
  resolved "https://registry.yarnpkg.com/colornames/-/colornames-0.0.2.tgz#d811fd6c84f59029499a8ac4436202935b92be31"

colors@^1.2.0:
  version "1.2.1"
  resolved "https://registry.yarnpkg.com/colors/-/colors-1.2.1.tgz#f4a3d302976aaf042356ba1ade3b1a2c62d9d794"

colorspace@1.0.x:
  version "1.0.1"
  resolved "https://registry.yarnpkg.com/colorspace/-/colorspace-1.0.1.tgz#c99c796ed31128b9876a52e1ee5ee03a4a719749"
  dependencies:
    color "0.8.x"
    text-hex "0.0.x"

commander@^2.14.1:
  version "2.15.1"
  resolved "https://registry.yarnpkg.com/commander/-/commander-2.15.1.tgz#df46e867d0fc2aec66a34662b406a9ccafff5b0f"

commander@~2.14.1:
  version "2.14.1"
  resolved "https://registry.yarnpkg.com/commander/-/commander-2.14.1.tgz#2235123e37af8ca3c65df45b026dbd357b01b9aa"

crc-32@~1.2.0:
  version "1.2.0"
  resolved "https://registry.yarnpkg.com/crc-32/-/crc-32-1.2.0.tgz#cb2db6e29b88508e32d9dd0ec1693e7b41a18208"
  dependencies:
    exit-on-epipe "~1.0.1"
    printj "~1.1.0"

diagnostics@^1.0.1:
  version "1.1.0"
  resolved "https://registry.yarnpkg.com/diagnostics/-/diagnostics-1.1.0.tgz#e1090900b49523e8527be20f081275205f2ae36a"
  dependencies:
    colorspace "1.0.x"
    enabled "1.0.x"
    kuler "0.0.x"

enabled@1.0.x:
  version "1.0.2"
  resolved "https://registry.yarnpkg.com/enabled/-/enabled-1.0.2.tgz#965f6513d2c2d1c5f4652b64a2e3396467fc2f93"
  dependencies:
    env-variable "0.0.x"

env-variable@0.0.x:
  version "0.0.4"
  resolved "https://registry.yarnpkg.com/env-variable/-/env-variable-0.0.4.tgz#0d6280cf507d84242befe35a512b5ae4be77c54e"

exit-on-epipe@~1.0.1:
  version "1.0.1"
  resolved "https://registry.yarnpkg.com/exit-on-epipe/-/exit-on-epipe-1.0.1.tgz#0bdd92e87d5285d267daa8171d0eb06159689692"

fecha@^2.3.2:
  version "2.3.3"
  resolved "https://registry.yarnpkg.com/fecha/-/fecha-2.3.3.tgz#948e74157df1a32fd1b12c3a3c3cdcb6ec9d96cd"

frac@~1.1.2:
  version "1.1.2"
  resolved "https://registry.yarnpkg.com/frac/-/frac-1.1.2.tgz#3d74f7f6478c88a1b5020306d747dc6313c74d0b"

is-stream@^1.1.0:
  version "1.1.0"
  resolved "https://registry.yarnpkg.com/is-stream/-/is-stream-1.1.0.tgz#12d4a3dd4e68e0b79ceb8dbc84173ae80d91ca44"

kuler@0.0.x:
  version "0.0.0"
  resolved "https://registry.yarnpkg.com/kuler/-/kuler-0.0.0.tgz#b66bb46b934e550f59d818848e0abba4f7f5553c"
  dependencies:
    colornames "0.0.2"

lodash@^4.14.0, lodash@^4.17.5:
  version "4.17.5"
  resolved "https://registry.yarnpkg.com/lodash/-/lodash-4.17.5.tgz#99a92d65c0272debe8c96b6057bc8fbfa3bed511"

logform@^1.4.1:
  version "1.4.1"
  resolved "https://registry.yarnpkg.com/logform/-/logform-1.4.1.tgz#372a84eedb01dbace3bfbcd32b78d556b5ea8333"
  dependencies:
    colors "^1.2.0"
    fecha "^2.3.2"

node-xlsx@^0.12.0:
  version "0.12.0"
  resolved "https://registry.yarnpkg.com/node-xlsx/-/node-xlsx-0.12.0.tgz#6a02325ada2164df8dc3e54becfc5045ab9f6ed1"
  dependencies:
    xlsx "^0.12.4"

one-time@0.0.4:
  version "0.0.4"
  resolved "https://registry.yarnpkg.com/one-time/-/one-time-0.0.4.tgz#f8cdf77884826fe4dff93e3a9cc37b1e4480742e"

printj@~1.1.0, printj@~1.1.2:
  version "1.1.2"
  resolved "https://registry.yarnpkg.com/printj/-/printj-1.1.2.tgz#d90deb2975a8b9f600fb3a1c94e3f4c53c78a222"

ssf@~0.10.2:
  version "0.10.2"
  resolved "https://registry.yarnpkg.com/ssf/-/ssf-0.10.2.tgz#65b2b4fcdfd967bc8e8383a41349009893115976"
  dependencies:
    frac "~1.1.2"

stack-trace@0.0.x:
  version "0.0.10"
  resolved "https://registry.yarnpkg.com/stack-trace/-/stack-trace-0.0.10.tgz#547c70b347e8d32b4e108ea1a2a159e5fdde19c0"

text-hex@0.0.x:
  version "0.0.0"
  resolved "https://registry.yarnpkg.com/text-hex/-/text-hex-0.0.0.tgz#578fbc85a6a92636e42dd17b41d0218cce9eb2b3"

triple-beam@^1.0.1:
  version "1.1.0"
  resolved "https://registry.yarnpkg.com/triple-beam/-/triple-beam-1.1.0.tgz#2ac387c8c4bd04bd26c61df891a6079f8592fe10"

winston-transport@^3.1.0:
  version "3.1.0"
  resolved "https://registry.yarnpkg.com/winston-transport/-/winston-transport-3.1.0.tgz#52b097176c5c26acf9c603630c57ffd575c42572"

winston@^3.0.0-rc4:
  version "3.0.0-rc4"
  resolved "https://registry.yarnpkg.com/winston/-/winston-3.0.0-rc4.tgz#2e34e05b1130bae677c79b3ace993d091e678c5f"
  dependencies:
    async "^2.6.0"
    diagnostics "^1.0.1"
    is-stream "^1.1.0"
    logform "^1.4.1"
    one-time "0.0.4"
    stack-trace "0.0.x"
    triple-beam "^1.0.1"
    winston-transport "^3.1.0"

xlsx@^0.12.4:
  version "0.12.9"
  resolved "https://registry.yarnpkg.com/xlsx/-/xlsx-0.12.9.tgz#839bad5107531f63d1a7229d97121e5ef00abe38"
  dependencies:
    adler-32 "~1.2.0"
    cfb "~1.0.6"
    codepage "~1.12.1"
    commander "~2.14.1"
    crc-32 "~1.2.0"
    exit-on-epipe "~1.0.1"
    ssf "~0.10.2"
